{
  "version": "4",
  "specifiers": {
    "jsr:@luca/esbuild-deno-loader@*": "0.11.0",
    "jsr:@std/assert@*": "1.0.8",
    "jsr:@std/bytes@^1.0.2": "1.0.4",
    "jsr:@std/cli@^1.0.6": "1.0.7",
    "jsr:@std/encoding@^1.0.5": "1.0.5",
    "jsr:@std/fmt@^1.0.3": "1.0.3",
    "jsr:@std/fs@*": "1.0.6",
    "jsr:@std/html@^1.0.3": "1.0.3",
    "jsr:@std/http@*": "1.0.11",
    "jsr:@std/internal@^1.0.5": "1.0.5",
    "jsr:@std/media-types@^1.1.0": "1.1.0",
    "jsr:@std/net@^1.0.4": "1.0.4",
    "jsr:@std/path@*": "1.0.8",
    "jsr:@std/path@^1.0.6": "1.0.8",
    "jsr:@std/path@^1.0.8": "1.0.8",
    "jsr:@std/streams@^1.0.8": "1.0.8",
    "jsr:@verit/ecs@*": "0.6.1",
    "npm:@types/node@*": "22.5.4",
    "npm:@types/react-dom@*": "18.3.0",
    "npm:@types/react@*": "18.3.3",
    "npm:esbuild@*": "0.23.0",
    "npm:react-dom@*": "18.3.1_react@18.3.1",
    "npm:react@*": "18.3.1",
    "npm:stats.js@*": "0.17.0",
    "npm:styled-components@*": "6.1.11_react@18.3.1_react-dom@18.3.1__react@18.3.1",
    "npm:zod@*": "3.23.8"
  },
  "jsr": {
    "@luca/esbuild-deno-loader@0.11.0": {
      "integrity": "c05a989aa7c4ee6992a27be5f15cfc5be12834cab7ff84cabb47313737c51a2c",
      "dependencies": [
        "jsr:@std/bytes",
        "jsr:@std/encoding",
        "jsr:@std/path@^1.0.6"
      ]
    },
    "@std/assert@1.0.8": {
      "integrity": "ebe0bd7eb488ee39686f77003992f389a06c3da1bbd8022184804852b2fa641b",
      "dependencies": [
        "jsr:@std/internal"
      ]
    },
    "@std/bytes@1.0.4": {
      "integrity": "11a0debe522707c95c7b7ef89b478c13fb1583a7cfb9a85674cd2cc2e3a28abc"
    },
    "@std/cli@1.0.7": {
      "integrity": "98359df9df586a69015ba570305183b0cb9e7d53c05ea2016ef9a3e77e82c7cd"
    },
    "@std/encoding@1.0.5": {
      "integrity": "ecf363d4fc25bd85bd915ff6733a7e79b67e0e7806334af15f4645c569fefc04"
    },
    "@std/fmt@1.0.3": {
      "integrity": "97765c16aa32245ff4e2204ecf7d8562496a3cb8592340a80e7e554e0bb9149f"
    },
    "@std/fs@1.0.6": {
      "integrity": "42b56e1e41b75583a21d5a37f6a6a27de9f510bcd36c0c85791d685ca0b85fa2",
      "dependencies": [
        "jsr:@std/path@^1.0.8"
      ]
    },
    "@std/html@1.0.3": {
      "integrity": "7a0ac35e050431fb49d44e61c8b8aac1ebd55937e0dc9ec6409aa4bab39a7988"
    },
    "@std/http@1.0.11": {
      "integrity": "f1928e69e7dcf1664e22d153934cb866bf31e1bbe4bc59f8ac1b4d0e98cb7558",
      "dependencies": [
        "jsr:@std/cli",
        "jsr:@std/encoding",
        "jsr:@std/fmt",
        "jsr:@std/html",
        "jsr:@std/media-types",
        "jsr:@std/net",
        "jsr:@std/path@^1.0.8",
        "jsr:@std/streams"
      ]
    },
    "@std/internal@1.0.5": {
      "integrity": "54a546004f769c1ac9e025abd15a76b6671ddc9687e2313b67376125650dc7ba"
    },
    "@std/media-types@1.1.0": {
      "integrity": "c9d093f0c05c3512932b330e3cc1fe1d627b301db33a4c2c2185c02471d6eaa4"
    },
    "@std/net@1.0.4": {
      "integrity": "2f403b455ebbccf83d8a027d29c5a9e3a2452fea39bb2da7f2c04af09c8bc852"
    },
    "@std/path@1.0.8": {
      "integrity": "548fa456bb6a04d3c1a1e7477986b6cffbce95102d0bb447c67c4ee70e0364be"
    },
    "@std/streams@1.0.8": {
      "integrity": "b41332d93d2cf6a82fe4ac2153b930adf1a859392931e2a19d9fabfb6f154fb3"
    },
    "@verit/ecs@0.6.1": {
      "integrity": "a8ea5720f88193b5fb384383dc352a5ce7c18f95cc3f5d6edfe0d48dd3f0dea9"
    }
  },
  "npm": {
    "@emotion/is-prop-valid@1.2.2": {
      "integrity": "sha512-uNsoYd37AFmaCdXlg6EYD1KaPOaRWRByMCYzbKUX4+hhMfrxdVSelShywL4JVaAeM/eHUOSprYBQls+/neX3pw==",
      "dependencies": [
        "@emotion/memoize"
      ]
    },
    "@emotion/memoize@0.8.1": {
      "integrity": "sha512-W2P2c/VRW1/1tLox0mVUalvnWXxavmv/Oum2aPsRcoDJuob75FC3Y8FbpfLwUegRcxINtGUMPq0tFCvYNTBXNA=="
    },
    "@emotion/unitless@0.8.1": {
      "integrity": "sha512-KOEGMu6dmJZtpadb476IsZBclKvILjopjUii3V+7MnXIQCYh8W3NgNcgwo21n9LXZX6EDIKvqfjYxXebDwxKmQ=="
    },
    "@esbuild/aix-ppc64@0.23.0": {
      "integrity": "sha512-3sG8Zwa5fMcA9bgqB8AfWPQ+HFke6uD3h1s3RIwUNK8EG7a4buxvuFTs3j1IMs2NXAk9F30C/FF4vxRgQCcmoQ=="
    },
    "@esbuild/android-arm64@0.23.0": {
      "integrity": "sha512-EuHFUYkAVfU4qBdyivULuu03FhJO4IJN9PGuABGrFy4vUuzk91P2d+npxHcFdpUnfYKy0PuV+n6bKIpHOB3prQ=="
    },
    "@esbuild/android-arm@0.23.0": {
      "integrity": "sha512-+KuOHTKKyIKgEEqKbGTK8W7mPp+hKinbMBeEnNzjJGyFcWsfrXjSTNluJHCY1RqhxFurdD8uNXQDei7qDlR6+g=="
    },
    "@esbuild/android-x64@0.23.0": {
      "integrity": "sha512-WRrmKidLoKDl56LsbBMhzTTBxrsVwTKdNbKDalbEZr0tcsBgCLbEtoNthOW6PX942YiYq8HzEnb4yWQMLQuipQ=="
    },
    "@esbuild/darwin-arm64@0.23.0": {
      "integrity": "sha512-YLntie/IdS31H54Ogdn+v50NuoWF5BDkEUFpiOChVa9UnKpftgwzZRrI4J132ETIi+D8n6xh9IviFV3eXdxfow=="
    },
    "@esbuild/darwin-x64@0.23.0": {
      "integrity": "sha512-IMQ6eme4AfznElesHUPDZ+teuGwoRmVuuixu7sv92ZkdQcPbsNHzutd+rAfaBKo8YK3IrBEi9SLLKWJdEvJniQ=="
    },
    "@esbuild/freebsd-arm64@0.23.0": {
      "integrity": "sha512-0muYWCng5vqaxobq6LB3YNtevDFSAZGlgtLoAc81PjUfiFz36n4KMpwhtAd4he8ToSI3TGyuhyx5xmiWNYZFyw=="
    },
    "@esbuild/freebsd-x64@0.23.0": {
      "integrity": "sha512-XKDVu8IsD0/q3foBzsXGt/KjD/yTKBCIwOHE1XwiXmrRwrX6Hbnd5Eqn/WvDekddK21tfszBSrE/WMaZh+1buQ=="
    },
    "@esbuild/linux-arm64@0.23.0": {
      "integrity": "sha512-j1t5iG8jE7BhonbsEg5d9qOYcVZv/Rv6tghaXM/Ug9xahM0nX/H2gfu6X6z11QRTMT6+aywOMA8TDkhPo8aCGw=="
    },
    "@esbuild/linux-arm@0.23.0": {
      "integrity": "sha512-SEELSTEtOFu5LPykzA395Mc+54RMg1EUgXP+iw2SJ72+ooMwVsgfuwXo5Fn0wXNgWZsTVHwY2cg4Vi/bOD88qw=="
    },
    "@esbuild/linux-ia32@0.23.0": {
      "integrity": "sha512-P7O5Tkh2NbgIm2R6x1zGJJsnacDzTFcRWZyTTMgFdVit6E98LTxO+v8LCCLWRvPrjdzXHx9FEOA8oAZPyApWUA=="
    },
    "@esbuild/linux-loong64@0.23.0": {
      "integrity": "sha512-InQwepswq6urikQiIC/kkx412fqUZudBO4SYKu0N+tGhXRWUqAx+Q+341tFV6QdBifpjYgUndV1hhMq3WeJi7A=="
    },
    "@esbuild/linux-mips64el@0.23.0": {
      "integrity": "sha512-J9rflLtqdYrxHv2FqXE2i1ELgNjT+JFURt/uDMoPQLcjWQA5wDKgQA4t/dTqGa88ZVECKaD0TctwsUfHbVoi4w=="
    },
    "@esbuild/linux-ppc64@0.23.0": {
      "integrity": "sha512-cShCXtEOVc5GxU0fM+dsFD10qZ5UpcQ8AM22bYj0u/yaAykWnqXJDpd77ublcX6vdDsWLuweeuSNZk4yUxZwtw=="
    },
    "@esbuild/linux-riscv64@0.23.0": {
      "integrity": "sha512-HEtaN7Y5UB4tZPeQmgz/UhzoEyYftbMXrBCUjINGjh3uil+rB/QzzpMshz3cNUxqXN7Vr93zzVtpIDL99t9aRw=="
    },
    "@esbuild/linux-s390x@0.23.0": {
      "integrity": "sha512-WDi3+NVAuyjg/Wxi+o5KPqRbZY0QhI9TjrEEm+8dmpY9Xir8+HE/HNx2JoLckhKbFopW0RdO2D72w8trZOV+Wg=="
    },
    "@esbuild/linux-x64@0.23.0": {
      "integrity": "sha512-a3pMQhUEJkITgAw6e0bWA+F+vFtCciMjW/LPtoj99MhVt+Mfb6bbL9hu2wmTZgNd994qTAEw+U/r6k3qHWWaOQ=="
    },
    "@esbuild/netbsd-x64@0.23.0": {
      "integrity": "sha512-cRK+YDem7lFTs2Q5nEv/HHc4LnrfBCbH5+JHu6wm2eP+d8OZNoSMYgPZJq78vqQ9g+9+nMuIsAO7skzphRXHyw=="
    },
    "@esbuild/openbsd-arm64@0.23.0": {
      "integrity": "sha512-suXjq53gERueVWu0OKxzWqk7NxiUWSUlrxoZK7usiF50C6ipColGR5qie2496iKGYNLhDZkPxBI3erbnYkU0rQ=="
    },
    "@esbuild/openbsd-x64@0.23.0": {
      "integrity": "sha512-6p3nHpby0DM/v15IFKMjAaayFhqnXV52aEmv1whZHX56pdkK+MEaLoQWj+H42ssFarP1PcomVhbsR4pkz09qBg=="
    },
    "@esbuild/sunos-x64@0.23.0": {
      "integrity": "sha512-BFelBGfrBwk6LVrmFzCq1u1dZbG4zy/Kp93w2+y83Q5UGYF1d8sCzeLI9NXjKyujjBBniQa8R8PzLFAUrSM9OA=="
    },
    "@esbuild/win32-arm64@0.23.0": {
      "integrity": "sha512-lY6AC8p4Cnb7xYHuIxQ6iYPe6MfO2CC43XXKo9nBXDb35krYt7KGhQnOkRGar5psxYkircpCqfbNDB4uJbS2jQ=="
    },
    "@esbuild/win32-ia32@0.23.0": {
      "integrity": "sha512-7L1bHlOTcO4ByvI7OXVI5pNN6HSu6pUQq9yodga8izeuB1KcT2UkHaH6118QJwopExPn0rMHIseCTx1CRo/uNA=="
    },
    "@esbuild/win32-x64@0.23.0": {
      "integrity": "sha512-Arm+WgUFLUATuoxCJcahGuk6Yj9Pzxd6l11Zb/2aAuv5kWWvvfhLFo2fni4uSK5vzlUdCGZ/BdV5tH8klj8p8g=="
    },
    "@types/node@22.5.4": {
      "integrity": "sha512-FDuKUJQm/ju9fT/SeX/6+gBzoPzlVCzfzmGkwKvRHQVxi4BntVbyIwf6a4Xn62mrvndLiml6z/UBXIdEVjQLXg==",
      "dependencies": [
        "undici-types"
      ]
    },
    "@types/prop-types@15.7.12": {
      "integrity": "sha512-5zvhXYtRNRluoE/jAp4GVsSduVUzNWKkOZrCDBWYtE7biZywwdC2AcEzg+cSMLFRfVgeAFqpfNabiPjxFddV1Q=="
    },
    "@types/react-dom@18.3.0": {
      "integrity": "sha512-EhwApuTmMBmXuFOikhQLIBUn6uFg81SwLMOAUgodJF14SOBOCMdU04gDoYi0WOJJHD144TL32z4yDqCW3dnkQg==",
      "dependencies": [
        "@types/react"
      ]
    },
    "@types/react@18.3.3": {
      "integrity": "sha512-hti/R0pS0q1/xx+TsI73XIqk26eBsISZ2R0wUijXIngRK9R/e7Xw/cXVxQK7R5JjW+SV4zGcn5hXjudkN/pLIw==",
      "dependencies": [
        "@types/prop-types",
        "csstype"
      ]
    },
    "@types/stylis@4.2.5": {
      "integrity": "sha512-1Xve+NMN7FWjY14vLoY5tL3BVEQ/n42YLwaqJIPYhotZ9uBHt87VceMwWQpzmdEt2TNXIorIFG+YeCUUW7RInw=="
    },
    "camelize@1.0.1": {
      "integrity": "sha512-dU+Tx2fsypxTgtLoE36npi3UqcjSSMNYfkqgmoEhtZrraP5VWq0K7FkWVTYa8eMPtnU/G2txVsfdCJTn9uzpuQ=="
    },
    "css-color-keywords@1.0.0": {
      "integrity": "sha512-FyyrDHZKEjXDpNJYvVsV960FiqQyXc/LlYmsxl2BcdMb2WPx0OGRVgTg55rPSyLSNMqP52R9r8geSp7apN3Ofg=="
    },
    "css-to-react-native@3.2.0": {
      "integrity": "sha512-e8RKaLXMOFii+02mOlqwjbD00KSEKqblnpO9e++1aXS1fPQOpS1YoqdVHBqPjHNoxeF2mimzVqawm2KCbEdtHQ==",
      "dependencies": [
        "camelize",
        "css-color-keywords",
        "postcss-value-parser"
      ]
    },
    "csstype@3.1.3": {
      "integrity": "sha512-M1uQkMl8rQK/szD0LNhtqxIPLpimGm8sOBwU7lLnCpSbTyY3yeU1Vc7l4KT5zT4s/yOxHH5O7tIuuLOCnLADRw=="
    },
    "esbuild@0.23.0": {
      "integrity": "sha512-1lvV17H2bMYda/WaFb2jLPeHU3zml2k4/yagNMG8Q/YtfMjCwEUZa2eXXMgZTVSL5q1n4H7sQ0X6CdJDqqeCFA==",
      "dependencies": [
        "@esbuild/aix-ppc64",
        "@esbuild/android-arm",
        "@esbuild/android-arm64",
        "@esbuild/android-x64",
        "@esbuild/darwin-arm64",
        "@esbuild/darwin-x64",
        "@esbuild/freebsd-arm64",
        "@esbuild/freebsd-x64",
        "@esbuild/linux-arm",
        "@esbuild/linux-arm64",
        "@esbuild/linux-ia32",
        "@esbuild/linux-loong64",
        "@esbuild/linux-mips64el",
        "@esbuild/linux-ppc64",
        "@esbuild/linux-riscv64",
        "@esbuild/linux-s390x",
        "@esbuild/linux-x64",
        "@esbuild/netbsd-x64",
        "@esbuild/openbsd-arm64",
        "@esbuild/openbsd-x64",
        "@esbuild/sunos-x64",
        "@esbuild/win32-arm64",
        "@esbuild/win32-ia32",
        "@esbuild/win32-x64"
      ]
    },
    "js-tokens@4.0.0": {
      "integrity": "sha512-RdJUflcE3cUzKiMqQgsCu06FPu9UdIJO0beYbPhHN4k6apgJtifcoCtT9bcxOpYBtpD2kCM6Sbzg4CausW/PKQ=="
    },
    "loose-envify@1.4.0": {
      "integrity": "sha512-lyuxPGr/Wfhrlem2CL/UcnUc1zcqKAImBDzukY7Y5F/yQiNdko6+fRLevlw1HgMySw7f611UIY408EtxRSoK3Q==",
      "dependencies": [
        "js-tokens"
      ]
    },
    "nanoid@3.3.7": {
      "integrity": "sha512-eSRppjcPIatRIMC1U6UngP8XFcz8MQWGQdt1MTBQ7NaAmvXDfvNxbvWV3x2y6CdEUciCSsDHDQZbhYaB8QEo2g=="
    },
    "picocolors@1.0.1": {
      "integrity": "sha512-anP1Z8qwhkbmu7MFP5iTt+wQKXgwzf7zTyGlcdzabySa9vd0Xt392U0rVmz9poOaBj0uHJKyyo9/upk0HrEQew=="
    },
    "postcss-value-parser@4.2.0": {
      "integrity": "sha512-1NNCs6uurfkVbeXG4S8JFT9t19m45ICnif8zWLd5oPSZ50QnwMfK+H3jv408d4jw/7Bttv5axS5IiHoLaVNHeQ=="
    },
    "postcss@8.4.38": {
      "integrity": "sha512-Wglpdk03BSfXkHoQa3b/oulrotAkwrlLDRSOb9D0bN86FdRyE9lppSp33aHNPgBa0JKCoB+drFLZkQoRRYae5A==",
      "dependencies": [
        "nanoid",
        "picocolors",
        "source-map-js"
      ]
    },
    "react-dom@18.3.1_react@18.3.1": {
      "integrity": "sha512-5m4nQKp+rZRb09LNH59GM4BxTh9251/ylbKIbpe7TpGxfJ+9kv6BLkLBXIjjspbgbnIBNqlI23tRnTWT0snUIw==",
      "dependencies": [
        "loose-envify",
        "react",
        "scheduler"
      ]
    },
    "react@18.3.1": {
      "integrity": "sha512-wS+hAgJShR0KhEvPJArfuPVN1+Hz1t0Y6n5jLrGQbkb4urgPE/0Rve+1kMB1v/oWgHgm4WIcV+i7F2pTVj+2iQ==",
      "dependencies": [
        "loose-envify"
      ]
    },
    "scheduler@0.23.2": {
      "integrity": "sha512-UOShsPwz7NrMUqhR6t0hWjFduvOzbtv7toDH1/hIrfRNIDBnnBWd0CwJTGvTpngVlmwGCdP9/Zl/tVrDqcuYzQ==",
      "dependencies": [
        "loose-envify"
      ]
    },
    "shallowequal@1.1.0": {
      "integrity": "sha512-y0m1JoUZSlPAjXVtPPW70aZWfIL/dSP7AFkRnniLCrK/8MDKog3TySTBmckD+RObVxH0v4Tox67+F14PdED2oQ=="
    },
    "source-map-js@1.2.0": {
      "integrity": "sha512-itJW8lvSA0TXEphiRoawsCksnlf8SyvmFzIhltqAHluXd88pkCd+cXJVHTDwdCr0IzwptSm035IHQktUu1QUMg=="
    },
    "stats.js@0.17.0": {
      "integrity": "sha512-hNKz8phvYLPEcRkeG1rsGmV5ChMjKDAWU7/OJJdDErPBNChQXxCo3WZurGpnWc6gZhAzEPFad1aVgyOANH1sMw=="
    },
    "styled-components@6.1.11_react@18.3.1_react-dom@18.3.1__react@18.3.1": {
      "integrity": "sha512-Ui0jXPzbp1phYij90h12ksljKGqF8ncGx+pjrNPsSPhbUUjWT2tD1FwGo2LF6USCnbrsIhNngDfodhxbegfEOA==",
      "dependencies": [
        "@emotion/is-prop-valid",
        "@emotion/unitless",
        "@types/stylis",
        "css-to-react-native",
        "csstype",
        "postcss",
        "react",
        "react-dom",
        "shallowequal",
        "stylis",
        "tslib"
      ]
    },
    "stylis@4.3.2": {
      "integrity": "sha512-bhtUjWd/z6ltJiQwg0dUfxEJ+W+jdqQd8TbWLWyeIJHlnsqmGLRFFd8e5mA0AZi/zx90smXRlN66YMTcaSFifg=="
    },
    "tslib@2.6.2": {
      "integrity": "sha512-AEYxH93jGFPn/a2iVAwW87VuUIkR1FVUKB77NwMF7nBTDkDrrT/Hpt/IrCJ0QXhW27jTBDcf5ZY7w6RiqTMw2Q=="
    },
    "undici-types@6.19.8": {
      "integrity": "sha512-ve2KP6f/JnbPBFyobGHuerC9g1FYGn/F8n1LWTwNxCEzd6IfqTwUQcNXgEtmmQ6DlRrC1hrSrBnCZPokRrDHjw=="
    },
    "zod@3.23.8": {
      "integrity": "sha512-XBx9AXhXktjUqnepgTiE5flcKIYWi/rme0Eaj+5Y0lftuGBq+jyRu/md4WnuxqgP1ubdpNCsYEYPxrzVHD8d6g=="
    }
  },
  "redirects": {
    "https://esm.sh/v135/@types/three@~0.166/addons/loaders/SVGLoader~.d.ts": "https://esm.sh/v135/@types/three@0.166.0/addons/loaders/SVGLoader~.d.ts",
    "https://esm.sh/v135/@types/three@~0.166/index.d.ts": "https://esm.sh/v135/@types/three@0.166.0/index.d.ts"
  },
  "remote": {
    "https://deno.land/x/typescript_event_target@v1.0.5/mod.ts": "0eabf51a32ecbc66ef5f81852a69b76687579c3b6a3f8e26306d44d1a22d0a49",
    "https://deno.land/x/typescript_event_target@v1.0.5/src/TypedEventTarget.ts": "a3c472e4480584cc30b5b82a16317565897d36e487fdecac6f967b91b6d91bb7",
    "https://esm.sh/jsdom@24.1.0": "b5ed3379438a23a7e56458971c57b265ac8a031048f7801d8de6a5563618b6db",
    "https://esm.sh/three@0.166.1": "404db06a64a075b1fde0a4915c68424279d5451410ee165b159d5cc628609a23",
    "https://esm.sh/three@0.166.1/addons/loaders/SVGLoader.js": "d77124ac8c45637a559e98d4a81d13cb0c2cb86595cf4a170f0b65590f6ca192",
    "https://esm.sh/v135/agent-base@7.1.0/denonext/agent-base.mjs": "0cfda332cb4694510eaeaa42dc88eed2223a9e6bed7352727a15ff163ee6b285",
    "https://esm.sh/v135/agent-base@7.1.1/denonext/agent-base.mjs": "e7f92e882f955036b3054644e3b01623bfe61065102ddfffb98099966dad628c",
    "https://esm.sh/v135/bufferutil@4.0.8/denonext/bufferutil.mjs": "60a4618cbd1a5cb24935c55590b793d4ecb33862357d32e1d4614a0bbb90947f",
    "https://esm.sh/v135/canvas@2.11.2/denonext/canvas.mjs": "4245b1d01d91b5e807b85e40e98efe28c93634260bd8cb5ac0da71c42098a1a4",
    "https://esm.sh/v135/cssstyle@4.0.1/denonext/cssstyle.mjs": "7d9918fcb1d4b5c0e0497f941486f74bc3867aa442fefa445fb158ebba81ba37",
    "https://esm.sh/v135/cssstyle@4.1.0/denonext/cssstyle.mjs": "efe3d039b97cde71be202193e728d3f23636eca5301df3a83d21527202c4bf38",
    "https://esm.sh/v135/data-urls@5.0.0/denonext/data-urls.mjs": "0a38da21608a5cf482ce7f18e78b24277fc6a63e58df0f3ec210b2810026ada5",
    "https://esm.sh/v135/debug@4.3.4/denonext/debug.mjs": "d2ebf776ea77aa7df1b4460eb2a4aab245a9d5b19f11fa1db25f756b350bae9d",
    "https://esm.sh/v135/debug@4.3.5/denonext/debug.mjs": "630202cad075e6db68a6c0113dcb2cd3a9b2e0a1b63a497a82e76229ef55cb33",
    "https://esm.sh/v135/decimal.js@10.4.3/denonext/decimal.mjs": "936c013da678f9d5160e9a3aa4dd9a458040fce5dc0afb582f0ce7aa6413d572",
    "https://esm.sh/v135/entities@4.5.0/denonext/lib/decode.js": "7fea6d8bd725edbbf7ea05031d2ea1bbbc1166dc11e3345d541198dd2dc16f1e",
    "https://esm.sh/v135/entities@4.5.0/denonext/lib/escape.js": "7ebdc622bf3618bab25db40da4a49e2b9d03f044745f125f0bc3359f2d060def",
    "https://esm.sh/v135/form-data@4.0.0/denonext/form-data.mjs": "48e84ac3b590bc364839367938d7e48ca37615a0c66e56dcc7356c3172ec7790",
    "https://esm.sh/v135/form-data@4.0.1/denonext/form-data.mjs": "c39c523082a67f0905290b4cc483d036965ddd6c6f3071a1c9914521125f47c6",
    "https://esm.sh/v135/html-encoding-sniffer@4.0.0/denonext/html-encoding-sniffer.mjs": "0063fd0b31101a12f0247fadb3ec62588abf656c34d6fea04cec631e40407593",
    "https://esm.sh/v135/http-proxy-agent@7.0.2/denonext/http-proxy-agent.mjs": "df21dcd8cdb45e363640a913a218d334ac0dcdc1adb238523d06e9e9a1dfb6cc",
    "https://esm.sh/v135/https-proxy-agent@7.0.4/denonext/https-proxy-agent.mjs": "3e54fdfa81c1595a1e95fc2c240739c9cf166e0ab1d94ac53c83181b13c46660",
    "https://esm.sh/v135/https-proxy-agent@7.0.5/denonext/https-proxy-agent.mjs": "3ae696a782a0bfc2a549d7f4d26d41f76bb15e8085b11f068ca19bef25b0a8a6",
    "https://esm.sh/v135/iconv-lite@0.6.3/denonext/iconv-lite.mjs": "768e37377191ab3c7414bbb15fce202a328c411da0429764984c79b8bc65abd4",
    "https://esm.sh/v135/is-potential-custom-element-name@1.0.1/denonext/is-potential-custom-element-name.mjs": "de2781ef99795b662f43c0840c3dcfdc303f9e60a75e66924370f902133469ed",
    "https://esm.sh/v135/jsdom@24.1.0/denonext/jsdom.mjs": "a4eb080338de57618ed676b46a9e03a8db16b140c62b50d581f4b8a1e3f29448",
    "https://esm.sh/v135/ms@2.1.2/denonext/ms.mjs": "aa4dc45ba72554c5011168f8910cc646c37af53cfff1a15a4decced838b8eb14",
    "https://esm.sh/v135/node-gyp-build@4.6.1/denonext/node-gyp-build.mjs": "5d28b312f145a6cb2ec0dbdd80a7d34c0e0e6b5dcada65411d8bcff6c8991cc6",
    "https://esm.sh/v135/node-gyp-build@4.8.1/denonext/node-gyp-build.mjs": "cddfc39c5f2d6e228fb1cd8cc36a594d870470b01348f866a7fb4e6f3ed8c66d",
    "https://esm.sh/v135/nwsapi@2.2.10/denonext/nwsapi.mjs": "9349dae1ec37773b14d0fa7e3dd673bb65858ebd51337ec24125b3ba0e2a3e7e",
    "https://esm.sh/v135/nwsapi@2.2.13/denonext/nwsapi.mjs": "773c2d2e110da9a54256cf87865d4c2180111cdce7dbe52c048f7c66784bd37c",
    "https://esm.sh/v135/parse5@7.1.2/denonext/parse5.mjs": "35bb04ec36a1c25c8cd8137296d64d16fd523a8ad1c2b63c41ba867fcd455c36",
    "https://esm.sh/v135/parse5@7.2.1/denonext/parse5.mjs": "1fc13be00aa36d894f2960fe0ff1ab1b4e6834be86420f05ede9981921a04619",
    "https://esm.sh/v135/psl@1.9.0/denonext/psl.mjs": "f40e9bcba5f6602eeb677f85f8e2b5c24b706bade58ced5b272044ebea609d9b",
    "https://esm.sh/v135/querystringify@2.2.0/denonext/querystringify.mjs": "4f0f639f99ec4a7ddaffb886bd7e6f3fe4b088e1fcd60336dd10d447d2093ef6",
    "https://esm.sh/v135/requires-port@1.0.0/denonext/requires-port.mjs": "c4f20b71539d08fc2662d75dfd79881fce985a0e4592268f18ac13bf53679efa",
    "https://esm.sh/v135/rrweb-cssom@0.6.0/denonext/rrweb-cssom.mjs": "e2a14692d801a24edadd3fd4ecdf017382494258064134e33390a6bf1146950d",
    "https://esm.sh/v135/rrweb-cssom@0.7.0/denonext/rrweb-cssom.mjs": "db9da48564594b439990fcfe8fa4090615b1933f3b226fdc8bea6cdb3cf17981",
    "https://esm.sh/v135/rrweb-cssom@0.7.1/denonext/rrweb-cssom.mjs": "2b52b1670d2b5c4b7f1b27bdb76fbabf4915c4bfc6197710a3c62a5ff4975e7e",
    "https://esm.sh/v135/safer-buffer@2.1.2/denonext/safer-buffer.mjs": "ce0e787812c668ba082ad5b75958490c714b6e05836bd5b6013d9f75727c006f",
    "https://esm.sh/v135/saxes@6.0.0/denonext/saxes.mjs": "c788baa838835a5122681fee10909b16677ef3574fffd610a0c980321a95302d",
    "https://esm.sh/v135/symbol-tree@3.2.4/denonext/symbol-tree.mjs": "67199d1e47bd6e5b7d2715dd04d25658061c95fc4464f7d200b6aab9e439b5f4",
    "https://esm.sh/v135/three@0.166.1/denonext/addons/loaders/SVGLoader.js": "81bcabcd668f10dfad03064260645ce569a37fea6ee9737bbd370063f5e31875",
    "https://esm.sh/v135/three@0.166.1/denonext/three.mjs": "35fec0bd12b5d30bd3c6fce8c4e47ec2025e0577f994bcdd31cc1a62f47ad3ea",
    "https://esm.sh/v135/tough-cookie@4.1.4/denonext/tough-cookie.mjs": "ae1e1d4b4e06675b732f72306588719bbb65c5345fd0ccb5cceca2833ec08992",
    "https://esm.sh/v135/tr46@5.0.0/denonext/tr46.mjs": "66ea6f0789e30702596b0c5d0c2c2ae3e511aab829bb5b696938f61cd309e0dd",
    "https://esm.sh/v135/universalify@0.2.0/denonext/universalify.mjs": "6ebb2a9b372d4ae89f494d9b0044942dc76a5b5fb366ab3018e2bf0aeb8eae94",
    "https://esm.sh/v135/url-parse@1.5.10/denonext/url-parse.mjs": "10fa48a00b5d02da3cbe666df4a6e7f57d81d178cda8beff676ffc8cfd9ea7a1",
    "https://esm.sh/v135/utf-8-validate@6.0.3/denonext/utf-8-validate.mjs": "410c48d66840e987e474a4849cd25829817415cedd25466280effb1287d05aa5",
    "https://esm.sh/v135/utf-8-validate@6.0.4/denonext/utf-8-validate.mjs": "ab4990b545a45f10f7711c69046ee3e9c5b732b9781937f922cefd3fc99d0e88",
    "https://esm.sh/v135/w3c-xmlserializer@5.0.0/denonext/w3c-xmlserializer.mjs": "62d486ecdf81d34bf972d00aae02e3bff998aafcfd2bdef73060c171e64277ce",
    "https://esm.sh/v135/webidl-conversions@7.0.0/denonext/webidl-conversions.mjs": "04e3e6917179380727c6f65cd16a5a89836fb5a104fe5524c10a0a697f88d552",
    "https://esm.sh/v135/whatwg-encoding@3.1.1/denonext/whatwg-encoding.mjs": "ecb7f2fe9fe4686e801ffaf4fa924e5860cbc3d07594a89e639d5c2ed20ca067",
    "https://esm.sh/v135/whatwg-mimetype@4.0.0/denonext/whatwg-mimetype.mjs": "52577070194b4b1ebc78e6e9b457a078ca28d6f8477457bce914da555d92a5bb",
    "https://esm.sh/v135/whatwg-url@14.0.0/denonext/webidl2js-wrapper.js": "0cbda10a2d527e2144a35c70d997736e1bba16c9b9a547a59b848ebe21a4c9d0",
    "https://esm.sh/v135/whatwg-url@14.0.0/denonext/whatwg-url.mjs": "bd2aa23a676f3cfb590dc03f3b1b9afbfa0f41806714a65880ecc75c01b1d6a6",
    "https://esm.sh/v135/ws@8.17.0/denonext/ws.mjs": "098384c6d6b787c4074dae8141a61bfa93a271ccb699b4b426c75141c9ef5560",
    "https://esm.sh/v135/ws@8.18.0/denonext/ws.mjs": "b4c6f51c7c4d60d2a880889c9b07e00aa367adf20a8304a365cc5e09051a5004",
    "https://esm.sh/v135/xml-name-validator@5.0.0/denonext/xml-name-validator.mjs": "a6e6944763a721d5fd93a1a8fef6a35eb49e929d63e208440848c6a2a8055dcd",
    "https://esm.sh/v135/xmlchars@2.2.0/denonext/xml/1.0/ed5.js": "60f8f018eb1d79d69a41324155b7d9f52f1058b37060b28acc1dfc49446e549d",
    "https://esm.sh/v135/xmlchars@2.2.0/denonext/xml/1.1/ed2.js": "ba7d1fe5694f62469c4b293a1fadad332c637cbcfbc74147a296475c2ff8ad3d",
    "https://esm.sh/v135/xmlchars@2.2.0/denonext/xmlns/1.0/ed3.js": "929d15ffc72d56c8909f87e7df8288f060bda0256622e8e95c24f0decb06adc7"
  }
}
